
Microsoft Visual Studio Solution File, Format Version 12.00
# Visual Studio Version 17
VisualStudioVersion = 17.3.32811.315
MinimumVisualStudioVersion = 10.0.40219.1
Project("{FAE04EC0-301F-11D3-BF4B-00C04F79EFBC}") = "A3_StringInterpolation", "A3_StringInterpolation.csproj", "{49C428A6-29F8-406D-81BE-30DB6836536A}"
EndProject
Global
	GlobalSection(SolutionConfigurationPlatforms) = preSolution
		Debug|Any CPU = Debug|Any CPU
		Release|Any CPU = Release|Any CPU
	EndGlobalSection
	GlobalSection(ProjectConfigurationPlatforms) = postSolution
		{49C428A6-29F8-406D-81BE-30DB6836536A}.Debug|Any CPU.ActiveCfg = Debug|Any CPU
		{49C428A6-29F8-406D-81BE-30DB6836536A}.Debug|Any CPU.Build.0 = Debug|Any CPU
		{49C428A6-29F8-406D-81BE-30DB6836536A}.Release|Any CPU.ActiveCfg = Release|Any CPU
		{49C428A6-29F8-406D-81BE-30DB6836536A}.Release|Any CPU.Build.0 = Release|Any CPU
	EndGlobalSection
	GlobalSection(SolutionProperties) = preSolution
		HideSolutionNode = FALSE
	EndGlobalSection
	GlobalSection(ExtensibilityGlobals) = postSolution
		SolutionGuid = {272BB24C-9B7E-43E3-BCE8-6DD8DE47A15E}
	EndGlobalSection
EndGlobal
